
Microsoft Visual Studio Solution File, Format Version 12.00
# Visual Studio 15
VisualStudioVersion = 15.0.28010.2019
MinimumVisualStudioVersion = 10.0.40219.1
Project("{8BC9CEB8-8B4A-11D0-8D11-00A0C91BC942}") = "YAP_Lab7(seven lab actualy)", "YAP_Lab7(seven lab actualy)\YAP_Lab7(seven lab actualy).vcxproj", "{CA0C12F3-4F88-4851-8D34-2E1E29327923}"
EndProject
Global
	GlobalSection(SolutionConfigurationPlatforms) = preSolution
		Debug|x64 = Debug|x64
		Debug|x86 = Debug|x86
		Release|x64 = Release|x64
		Release|x86 = Release|x86
	EndGlobalSection
	GlobalSection(ProjectConfigurationPlatforms) = postSolution
		{CA0C12F3-4F88-4851-8D34-2E1E29327923}.Debug|x64.ActiveCfg = Debug|x64
		{CA0C12F3-4F88-4851-8D34-2E1E29327923}.Debug|x64.Build.0 = Debug|x64
		{CA0C12F3-4F88-4851-8D34-2E1E29327923}.Debug|x86.ActiveCfg = Debug|Win32
		{CA0C12F3-4F88-4851-8D34-2E1E29327923}.Debug|x86.Build.0 = Debug|Win32
		{CA0C12F3-4F88-4851-8D34-2E1E29327923}.Release|x64.ActiveCfg = Release|x64
		{CA0C12F3-4F88-4851-8D34-2E1E29327923}.Release|x64.Build.0 = Release|x64
		{CA0C12F3-4F88-4851-8D34-2E1E29327923}.Release|x86.ActiveCfg = Release|Win32
		{CA0C12F3-4F88-4851-8D34-2E1E29327923}.Release|x86.Build.0 = Release|Win32
	EndGlobalSection
	GlobalSection(SolutionProperties) = preSolution
		HideSolutionNode = FALSE
	EndGlobalSection
	GlobalSection(ExtensibilityGlobals) = postSolution
		SolutionGuid = {7FA585DA-8A53-4280-B80A-7BB77242A893}
	EndGlobalSection
EndGlobal
